
Microsoft Visual Studio Solution File, Format Version 12.00
# Visual Studio Version 17
VisualStudioVersion = 17.7.34221.43
MinimumVisualStudioVersion = 10.0.40219.1
Project("{FAE04EC0-301F-11D3-BF4B-00C04F79EFBC}") = "AdventOfCodeDay3", "AdventOfCodeDay3\AdventOfCodeDay3.csproj", "{65CA0D23-FFE5-4966-9D43-1A59702DED7B}"
EndProject
Global
	GlobalSection(SolutionConfigurationPlatforms) = preSolution
		Debug|Any CPU = Debug|Any CPU
		Release|Any CPU = Release|Any CPU
	EndGlobalSection
	GlobalSection(ProjectConfigurationPlatforms) = postSolution
		{65CA0D23-FFE5-4966-9D43-1A59702DED7B}.Debug|Any CPU.ActiveCfg = Debug|Any CPU
		{65CA0D23-FFE5-4966-9D43-1A59702DED7B}.Debug|Any CPU.Build.0 = Debug|Any CPU
		{65CA0D23-FFE5-4966-9D43-1A59702DED7B}.Release|Any CPU.ActiveCfg = Release|Any CPU
		{65CA0D23-FFE5-4966-9D43-1A59702DED7B}.Release|Any CPU.Build.0 = Release|Any CPU
	EndGlobalSection
	GlobalSection(SolutionProperties) = preSolution
		HideSolutionNode = FALSE
	EndGlobalSection
	GlobalSection(ExtensibilityGlobals) = postSolution
		SolutionGuid = {412A2783-A3EF-46DA-8FA8-4C8854A32F58}
	EndGlobalSection
EndGlobal
